{
  "name": "bilibililiveroomconnection",
  "version": "1.0.0",
  "lockfileVersion": 1,
  "requires": true,
  "dependencies": {
    "async-limiter": {
      "version": "1.0.1",
      "resolved": "https://registry.npmjs.org/async-limiter/-/async-limiter-1.0.1.tgz",
      "integrity": "sha512-csOlWGAcRFJaI6m+F2WKdnMKr4HhdhFVBk0H/QbJFMCr+uO2kwohwXQPxw/9OCxp05r5ghVBFSyioixx3gfkNQ=="
    },
    "goimprotocol": {
      "version": "1.0.1",
      "resolved": "https://registry.npmjs.org/goimprotocol/-/goimprotocol-1.0.1.tgz",
      "integrity": "sha512-zeH+JxKUNG6dggCSpa0p5pYnxy/7vQohgIWoptgZdZaa8X/+pZlnfAUr8GOkOd0IdwnAthFWDEWhAJugZqE0kA=="
    },
    "ws": {
      "version": "7.2.0",
      "resolved": "https://registry.npmjs.org/ws/-/ws-7.2.0.tgz",
      "integrity": "sha512-+SqNqFbwTm/0DC18KYzIsMTnEWpLwJsiasW/O17la4iDRRIO9uaHbvKiAS3AHgTiuuWerK/brj4O6MYZkei9xg==",
      "requires": {
        "async-limiter": "^1.0.0"
      }
    }
  }
}
